
Microsoft Visual Studio Solution File, Format Version 12.00
# Visual Studio Version 17
VisualStudioVersion = 17.7.34202.233
MinimumVisualStudioVersion = 10.0.40219.1
Project("{FAE04EC0-301F-11D3-BF4B-00C04F79EFBC}") = "Practice 13.10.23", "Practice 13.10.23\Practice 13.10.23.csproj", "{6621C41C-2885-4A02-AD7A-CB6478AD1C2C}"
EndProject
Global
	GlobalSection(SolutionConfigurationPlatforms) = preSolution
		Debug|Any CPU = Debug|Any CPU
		Release|Any CPU = Release|Any CPU
	EndGlobalSection
	GlobalSection(ProjectConfigurationPlatforms) = postSolution
		{6621C41C-2885-4A02-AD7A-CB6478AD1C2C}.Debug|Any CPU.ActiveCfg = Debug|Any CPU
		{6621C41C-2885-4A02-AD7A-CB6478AD1C2C}.Debug|Any CPU.Build.0 = Debug|Any CPU
		{6621C41C-2885-4A02-AD7A-CB6478AD1C2C}.Release|Any CPU.ActiveCfg = Release|Any CPU
		{6621C41C-2885-4A02-AD7A-CB6478AD1C2C}.Release|Any CPU.Build.0 = Release|Any CPU
	EndGlobalSection
	GlobalSection(SolutionProperties) = preSolution
		HideSolutionNode = FALSE
	EndGlobalSection
	GlobalSection(ExtensibilityGlobals) = postSolution
		SolutionGuid = {2BEB1C4E-54B4-4E7B-8EB9-0F0D4A05CE92}
	EndGlobalSection
EndGlobal
